// !$*UTF8*$!
{
	archiveVersion = 1;
	classes = {
	};
	objectVersion = 50;
	objects = {

/* Begin PBXBuildFile section */
		47A05DC1213598510002E3DC /* AppDelegate.swift in Sources */ = {isa = PBXBuildFile; fileRef = 47A05DC0213598510002E3DC /* AppDelegate.swift */; };
		47A05DC3213598510002E3DC /* MealViewController.swift in Sources */ = {isa = PBXBuildFile; fileRef = 47A05DC2213598510002E3DC /* MealViewController.swift */; };
		47A05DC6213598520002E3DC /* Main.storyboard in Resources */ = {isa = PBXBuildFile; fileRef = 47A05DC4213598520002E3DC /* Main.storyboard */; };
		47A05DC8213598540002E3DC /* Assets.xcassets in Resources */ = {isa = PBXBuildFile; fileRef = 47A05DC7213598540002E3DC /* Assets.xcassets */; };
		47A05DCB213598540002E3DC /* LaunchScreen.storyboard in Resources */ = {isa = PBXBuildFile; fileRef = 47A05DC9213598540002E3DC /* LaunchScreen.storyboard */; };
		47A05DD6213598540002E3DC /* FoodTrackerTests.swift in Sources */ = {isa = PBXBuildFile; fileRef = 47A05DD5213598540002E3DC /* FoodTrackerTests.swift */; };
		47A05DE1213962BF0002E3DC /* RatingControl.swift in Sources */ = {isa = PBXBuildFile; fileRef = 47A05DE0213962BF0002E3DC /* RatingControl.swift */; };
		47E080BA21397BA9002FFF59 /* Meal.swift in Sources */ = {isa = PBXBuildFile; fileRef = 47E080B921397BA9002FFF59 /* Meal.swift */; };
		47E080BC21398AE7002FFF59 /* MealTableViewCell.swift in Sources */ = {isa = PBXBuildFile; fileRef = 47E080BB21398AE7002FFF59 /* MealTableViewCell.swift */; };
		47E080BE21398EB6002FFF59 /* MealTableViewController.swift in Sources */ = {isa = PBXBuildFile; fileRef = 47E080BD21398EB6002FFF59 /* MealTableViewController.swift */; };
/* End PBXBuildFile section */

/* Begin PBXContainerItemProxy section */
		47A05DD2213598540002E3DC /* PBXContainerItemProxy */ = {
			isa = PBXContainerItemProxy;
			containerPortal = 47A05DB5213598510002E3DC /* Project object */;
			proxyType = 1;
			remoteGlobalIDString = 47A05DBC213598510002E3DC;
			remoteInfo = FoodTracker;
		};
/* End PBXContainerItemProxy section */

/* Begin PBXFileReference section */
		47A05DBD213598510002E3DC /* FoodTracker.app */ = {isa = PBXFileReference; explicitFileType = wrapper.application; includeInIndex = 0; path = FoodTracker.app; sourceTree = BUILT_PRODUCTS_DIR; };
		47A05DC0213598510002E3DC /* AppDelegate.swift */ = {isa = PBXFileReference; lastKnownFileType = sourcecode.swift; path = AppDelegate.swift; sourceTree = "<group>"; };
		47A05DC2213598510002E3DC /* MealViewController.swift */ = {isa = PBXFileReference; lastKnownFileType = sourcecode.swift; path = MealViewController.swift; sourceTree = "<group>"; };
		47A05DC5213598520002E3DC /* Base */ = {isa = PBXFileReference; lastKnownFileType = file.storyboard; name = Base; path = Base.lproj/Main.storyboard; sourceTree = "<group>"; };
		47A05DC7213598540002E3DC /* Assets.xcassets */ = {isa = PBXFileReference; lastKnownFileType = folder.assetcatalog; path = Assets.xcassets; sourceTree = "<group>"; };
		47A05DCA213598540002E3DC /* Base */ = {isa = PBXFileReference; lastKnownFileType = file.storyboard; name = Base; path = Base.lproj/LaunchScreen.storyboard; sourceTree = "<group>"; };
		47A05DCC213598540002E3DC /* Info.plist */ = {isa = PBXFileReference; lastKnownFileType = text.plist.xml; path = Info.plist; sourceTree = "<group>"; };
		47A05DD1213598540002E3DC /* FoodTrackerTests.xctest */ = {isa = PBXFileReference; explicitFileType = wrapper.cfbundle; includeInIndex = 0; path = FoodTrackerTests.xctest; sourceTree = BUILT_PRODUCTS_DIR; };
		47A05DD5213598540002E3DC /* FoodTrackerTests.swift */ = {isa = PBXFileReference; lastKnownFileType = sourcecode.swift; path = FoodTrackerTests.swift; sourceTree = "<group>"; };
		47A05DD7213598540002E3DC /* Info.plist */ = {isa = PBXFileReference; lastKnownFileType = text.plist.xml; path = Info.plist; sourceTree = "<group>"; };
		47A05DE0213962BF0002E3DC /* RatingControl.swift */ = {isa = PBXFileReference; lastKnownFileType = sourcecode.swift; path = RatingControl.swift; sourceTree = "<group>"; };
		47E080B921397BA9002FFF59 /* Meal.swift */ = {isa = PBXFileReference; lastKnownFileType = sourcecode.swift; path = Meal.swift; sourceTree = "<group>"; };
		47E080BB21398AE7002FFF59 /* MealTableViewCell.swift */ = {isa = PBXFileReference; lastKnownFileType = sourcecode.swift; path = MealTableViewCell.swift; sourceTree = "<group>"; };
		47E080BD21398EB6002FFF59 /* MealTableViewController.swift */ = {isa = PBXFileReference; lastKnownFileType = sourcecode.swift; path = MealTableViewController.swift; sourceTree = "<group>"; };
/* End PBXFileReference section */

/* Begin PBXFrameworksBuildPhase section */
		47A05DBA213598510002E3DC /* Frameworks */ = {
			isa = PBXFrameworksBuildPhase;
			buildActionMask = 2147483647;
			files = (
			);
			runOnlyForDeploymentPostprocessing = 0;
		};
		47A05DCE213598540002E3DC /* Frameworks */ = {
			isa = PBXFrameworksBuildPhase;
			buildActionMask = 2147483647;
			files = (
			);
			runOnlyForDeploymentPostprocessing = 0;
		};
/* End PBXFrameworksBuildPhase section */

/* Begin PBXGroup section */
		47A05DB4213598510002E3DC = {
			isa = PBXGroup;
			children = (
				47A05DBF213598510002E3DC /* FoodTracker */,
				47A05DD4213598540002E3DC /* FoodTrackerTests */,
				47A05DBE213598510002E3DC /* Products */,
			);
			sourceTree = "<group>";
		};
		47A05DBE213598510002E3DC /* Products */ = {
			isa = PBXGroup;
			children = (
				47A05DBD213598510002E3DC /* FoodTracker.app */,
				47A05DD1213598540002E3DC /* FoodTrackerTests.xctest */,
			);
			name = Products;
			sourceTree = "<group>";
		};
		47A05DBF213598510002E3DC /* FoodTracker */ = {
			isa = PBXGroup;
			children = (
				47A05DC0213598510002E3DC /* AppDelegate.swift */,
				47A05DC2213598510002E3DC /* MealViewController.swift */,
				47E080B921397BA9002FFF59 /* Meal.swift */,
				47A05DE0213962BF0002E3DC /* RatingControl.swift */,
				47E080BB21398AE7002FFF59 /* MealTableViewCell.swift */,
				47E080BD21398EB6002FFF59 /* MealTableViewController.swift */,
				47A05DC4213598520002E3DC /* Main.storyboard */,
				47A05DC7213598540002E3DC /* Assets.xcassets */,
				47A05DC9213598540002E3DC /* LaunchScreen.storyboard */,
				47A05DCC213598540002E3DC /* Info.plist */,
			);
			path = FoodTracker;
			sourceTree = "<group>";
		};
		47A05DD4213598540002E3DC /* FoodTrackerTests */ = {
			isa = PBXGroup;
			children = (
				47A05DD5213598540002E3DC /* FoodTrackerTests.swift */,
				47A05DD7213598540002E3DC /* Info.plist */,
			);
			path = FoodTrackerTests;
			sourceTree = "<group>";
		};
/* End PBXGroup section */

/* Begin PBXNativeTarget section */
		47A05DBC213598510002E3DC /* FoodTracker */ = {
			isa = PBXNativeTarget;
			buildConfigurationList = 47A05DDA213598540002E3DC /* Build configuration list for PBXNativeTarget "FoodTracker" */;
			buildPhases = (
				47A05DB9213598510002E3DC /* Sources */,
				47A05DBA213598510002E3DC /* Frameworks */,
				47A05DBB213598510002E3DC /* Resources */,
			);
			buildRules = (
			);
			dependencies = (
			);
			name = FoodTracker;
			productName = FoodTracker;
			productReference = 47A05DBD213598510002E3DC /* FoodTracker.app */;
			productType = "com.apple.product-type.application";
		};
		47A05DD0213598540002E3DC /* FoodTrackerTests */ = {
			isa = PBXNativeTarget;
			buildConfigurationList = 47A05DDD213598540002E3DC /* Build configuration list for PBXNativeTarget "FoodTrackerTests" */;
			buildPhases = (
				47A05DCD213598540002E3DC /* Sources */,
				47A05DCE213598540002E3DC /* Frameworks */,
				47A05DCF213598540002E3DC /* Resources */,
			);
			buildRules = (
			);
			dependencies = (
				47A05DD3213598540002E3DC /* PBXTargetDependency */,
			);
			name = FoodTrackerTests;
			productName = FoodTrackerTests;
			productReference = 47A05DD1213598540002E3DC /* FoodTrackerTests.xctest */;
			productType = "com.apple.product-type.bundle.unit-test";
		};
/* End PBXNativeTarget section */

/* Begin PBXProject section */
		47A05DB5213598510002E3DC /* Project object */ = {
			isa = PBXProject;
			attributes = {
				LastSwiftUpdateCheck = 0940;
				LastUpgradeCheck = 0940;
				ORGANIZATIONNAME = "Nishanth Shyam";
				TargetAttributes = {
					47A05DBC213598510002E3DC = {
						CreatedOnToolsVersion = 9.4.1;
					};
					47A05DD0213598540002E3DC = {
						CreatedOnToolsVersion = 9.4.1;
						TestTargetID = 47A05DBC213598510002E3DC;
					};
				};
			};
			buildConfigurationList = 47A05DB8213598510002E3DC /* Build configuration list for PBXProject "FoodTracker" */;
			compatibilityVersion = "Xcode 9.3";
			developmentRegion = en;
			hasScannedForEncodings = 0;
			knownRegions = (
				en,
				Base,
			);
			mainGroup = 47A05DB4213598510002E3DC;
			productRefGroup = 47A05DBE213598510002E3DC /* Products */;
			projectDirPath = "";
			projectRoot = "";
			targets = (
				47A05DBC213598510002E3DC /* FoodTracker */,
				47A05DD0213598540002E3DC /* FoodTrackerTests */,
			);
		};
/* End PBXProject section */

/* Begin PBXResourcesBuildPhase section */
		47A05DBB213598510002E3DC /* Resources */ = {
			isa = PBXResourcesBuildPhase;
			buildActionMask = 2147483647;
			files = (
				47A05DCB213598540002E3DC /* LaunchScreen.storyboard in Resources */,
				47A05DC8213598540002E3DC /* Assets.xcassets in Resources */,
				47A05DC6213598520002E3DC /* Main.storyboard in Resources */,
			);
			runOnlyForDeploymentPostprocessing = 0;
		};
		47A05DCF213598540002E3DC /* Resources */ = {
			isa = PBXResourcesBuildPhase;
			buildActionMask = 2147483647;
			files = (
			);
			runOnlyForDeploymentPostprocessing = 0;
		};
/* End PBXResourcesBuildPhase section */

/* Begin PBXSourcesBuildPhase section */
		47A05DB9213598510002E3DC /* Sources */ = {
			isa = PBXSourcesBuildPhase;
			buildActionMask = 2147483647;
			files = (
				47E080BA21397BA9002FFF59 /* Meal.swift in Sources */,
				47A05DC3213598510002E3DC /* MealViewController.swift in Sources */,
				47A05DE1213962BF0002E3DC /* RatingControl.swift in Sources */,
				47A05DC1213598510002E3DC /* AppDelegate.swift in Sources */,
				47E080BE21398EB6002FFF59 /* MealTableViewController.swift in Sources */,
				47E080BC21398AE7002FFF59 /* MealTableViewCell.swift in Sources */,
			);
			runOnlyForDeploymentPostprocessing = 0;
		};
		47A05DCD213598540002E3DC /* Sources */ = {
			isa = PBXSourcesBuildPhase;
			buildActionMask = 2147483647;
			files = (
				47A05DD6213598540002E3DC /* FoodTrackerTests.swift in Sources */,
			);
			runOnlyForDeploymentPostprocessing = 0;
		};
/* End PBXSourcesBuildPhase section */

/* Begin PBXTargetDependency section */
		47A05DD3213598540002E3DC /* PBXTargetDependency */ = {
			isa = PBXTargetDependency;
			target = 47A05DBC213598510002E3DC /* FoodTracker */;
			targetProxy = 47A05DD2213598540002E3DC /* PBXContainerItemProxy */;
		};
/* End PBXTargetDependency section */

/* Begin PBXVariantGroup section */
		47A05DC4213598520002E3DC /* Main.storyboard */ = {
			isa = PBXVariantGroup;
			children = (
				47A05DC5213598520002E3DC /* Base */,
			);
			name = Main.storyboard;
			sourceTree = "<group>";
		};
		47A05DC9213598540002E3DC /* LaunchScreen.storyboard */ = {
			isa = PBXVariantGroup;
			children = (
				47A05DCA213598540002E3DC /* Base */,
			);
			name = LaunchScreen.storyboard;
			sourceTree = "<group>";
		};
/* End PBXVariantGroup section */

/* Begin XCBuildConfiguration section */
		47A05DD8213598540002E3DC /* Debug */ = {
			isa = XCBuildConfiguration;
			buildSettings = {
				ALWAYS_SEARCH_USER_PATHS = NO;
				CLANG_ANALYZER_NONNULL = YES;
				CLANG_ANALYZER_NUMBER_OBJECT_CONVERSION = YES_AGGRESSIVE;
				CLANG_CXX_LANGUAGE_STANDARD = "gnu++14";
				CLANG_CXX_LIBRARY = "libc++";
				CLANG_ENABLE_MODULES = YES;
				CLANG_ENABLE_OBJC_ARC = YES;
				CLANG_ENABLE_OBJC_WEAK = YES;
				CLANG_WARN_BLOCK_CAPTURE_AUTORELEASING = YES;
				CLANG_WARN_BOOL_CONVERSION = YES;
				CLANG_WARN_COMMA = YES;
				CLANG_WARN_CONSTANT_CONVERSION = YES;
				CLANG_WARN_DEPRECATED_OBJC_IMPLEMENTATIONS = YES;
				CLANG_WARN_DIRECT_OBJC_ISA_USAGE = YES_ERROR;
				CLANG_WARN_DOCUMENTATION_COMMENTS = YES;
				CLANG_WARN_EMPTY_BODY = YES;
				CLANG_WARN_ENUM_CONVERSION = YES;
				CLANG_WARN_INFINITE_RECURSION = YES;
				CLANG_WARN_INT_CONVERSION = YES;
				CLANG_WARN_NON_LITERAL_NULL_CONVERSION = YES;
				CLANG_WARN_OBJC_IMPLICIT_RETAIN_SELF = YES;
				CLANG_WARN_OBJC_LITERAL_CONVERSION = YES;
				CLANG_WARN_OBJC_ROOT_CLASS = YES_ERROR;
				CLANG_WARN_RANGE_LOOP_ANALYSIS = YES;
				CLANG_WARN_STRICT_PROTOTYPES = YES;
				CLANG_WARN_SUSPICIOUS_MOVE = YES;
				CLANG_WARN_UNGUARDED_AVAILABILITY = YES_AGGRESSIVE;
				CLANG_WARN_UNREACHABLE_CODE = YES;
				CLANG_WARN__DUPLICATE_METHOD_MATCH = YES;
				CODE_SIGN_IDENTITY = "iPhone Developer";
				COPY_PHASE_STRIP = NO;
				DEBUG_INFORMATION_FORMAT = dwarf;
				ENABLE_STRICT_OBJC_MSGSEND = YES;
				ENABLE_TESTABILITY = YES;
				GCC_C_LANGUAGE_STANDARD = gnu11;
				GCC_DYNAMIC_NO_PIC = NO;
				GCC_NO_COMMON_BLOCKS = YES;
				GCC_OPTIMIZATION_LEVEL = 0;
				GCC_PREPROCESSOR_DEFINITIONS = (
					"DEBUG=1",
					"$(inherited)",
				);
				GCC_WARN_64_TO_32_BIT_CONVERSION = YES;
				GCC_WARN_ABOUT_RETURN_TYPE = YES_ERROR;
				GCC_WARN_UNDECLARED_SELECTOR = YES;
				GCC_WARN_UNINITIALIZED_AUTOS = YES_AGGRESSIVE;
				GCC_WARN_UNUSED_FUNCTION = YES;
				GCC_WARN_UNUSED_VARIABLE = YES;
				IPHONEOS_DEPLOYMENT_TARGET = 11.4;
				MTL_ENABLE_DEBUG_INFO = YES;
				ONLY_ACTIVE_ARCH = YES;
				SDKROOT = iphoneos;
				SWIFT_ACTIVE_COMPILATION_CONDITIONS = DEBUG;
				SWIFT_OPTIMIZATION_LEVEL = "-Onone";
			};
			name = Debug;
		};
		47A05DD9213598540002E3DC /* Release */ = {
			isa = XCBuildConfiguration;
			buildSettings = {
				ALWAYS_SEARCH_USER_PATHS = NO;
				CLANG_ANALYZER_NONNULL = YES;
				CLANG_ANALYZER_NUMBER_OBJECT_CONVERSION = YES_AGGRESSIVE;
				CLANG_CXX_LANGUAGE_STANDARD = "gnu++14";
				CLANG_CXX_LIBRARY = "libc++";
				CLANG_ENABLE_MODULES = YES;
				CLANG_ENABLE_OBJC_ARC = YES;
				CLANG_ENABLE_OBJC_WEAK = YES;
				CLANG_WARN_BLOCK_CAPTURE_AUTORELEASING = YES;
				CLANG_WARN_BOOL_CONVERSION = YES;
				CLANG_WARN_COMMA = YES;
				CLANG_WARN_CONSTANT_CONVERSION = YES;
				CLANG_WARN_DEPRECATED_OBJC_IMPLEMENTATIONS = YES;
				CLANG_WARN_DIRECT_OBJC_ISA_USAGE = YES_ERROR;
				CLANG_WARN_DOCUMENTATION_COMMENTS = YES;
				CLANG_WARN_EMPTY_BODY = YES;
				CLANG_WARN_ENUM_CONVERSION = YES;
				CLANG_WARN_INFINITE_RECURSION = YES;
				CLANG_WARN_INT_CONVERSION = YES;
				CLANG_WARN_NON_LITERAL_NULL_CONVERSION = YES;
				CLANG_WARN_OBJC_IMPLICIT_RETAIN_SELF = YES;
				CLANG_WARN_OBJC_LITERAL_CONVERSION = YES;
				CLANG_WARN_OBJC_ROOT_CLASS = YES_ERROR;
				CLANG_WARN_RANGE_LOOP_ANALYSIS = YES;
				CLANG_WARN_STRICT_PROTOTYPES = YES;
				CLANG_WARN_SUSPICIOUS_MOVE = YES;
				CLANG_WARN_UNGUARDED_AVAILABILITY = YES_AGGRESSIVE;
				CLANG_WARN_UNREACHABLE_CODE = YES;
				CLANG_WARN__DUPLICATE_METHOD_MATCH = YES;
				CODE_SIGN_IDENTITY = "iPhone Developer";
				COPY_PHASE_STRIP = NO;
				DEBUG_INFORMATION_FORMAT = "dwarf-with-dsym";
				ENABLE_NS_ASSERTIONS = NO;
				ENABLE_STRICT_OBJC_MSGSEND = YES;
				GCC_C_LANGUAGE_STANDARD = gnu11;
				GCC_NO_COMMON_BLOCKS = YES;
				GCC_WARN_64_TO_32_BIT_CONVERSION = YES;
				GCC_WARN_ABOUT_RETURN_TYPE = YES_ERROR;
				GCC_WARN_UNDECLARED_SELECTOR = YES;
				GCC_WARN_UNINITIALIZED_AUTOS = YES_AGGRESSIVE;
				GCC_WARN_UNUSED_FUNCTION = YES;
				GCC_WARN_UNUSED_VARIABLE = YES;
				IPHONEOS_DEPLOYMENT_TARGET = 11.4;
				MTL_ENABLE_DEBUG_INFO = NO;
				SDKROOT = iphoneos;
				SWIFT_COMPILATION_MODE = wholemodule;
				SWIFT_OPTIMIZATION_LEVEL = "-O";
				VALIDATE_PRODUCT = YES;
			};
			name = Release;
		};
		47A05DDB213598540002E3DC /* Debug */ = {
			isa = XCBuildConfiguration;
			buildSettings = {
				ASSETCATALOG_COMPILER_APPICON_NAME = AppIcon;
				CODE_SIGN_STYLE = Automatic;
				INFOPLIST_FILE = FoodTracker/Info.plist;
				LD_RUNPATH_SEARCH_PATHS = (
					"$(inherited)",
					"@executable_path/Frameworks",
				);
				PRODUCT_BUNDLE_IDENTIFIER = com.example.FoodTracker;
				PRODUCT_NAME = "$(TARGET_NAME)";
				SWIFT_VERSION = 4.0;
				TARGETED_DEVICE_FAMILY = "1,2";
			};
			name = Debug;
		};
		47A05DDC213598540002E3DC /* Release */ = {
			isa = XCBuildConfiguration;
			buildSettings = {
				ASSETCATALOG_COMPILER_APPICON_NAME = AppIcon;
				CODE_SIGN_STYLE = Automatic;
				INFOPLIST_FILE = FoodTracker/Info.plist;
				LD_RUNPATH_SEARCH_PATHS = (
					"$(inherited)",
					"@executable_path/Frameworks",
				);
				PRODUCT_BUNDLE_IDENTIFIER = com.example.FoodTracker;
				PRODUCT_NAME = "$(TARGET_NAME)";
				SWIFT_VERSION = 4.0;
				TARGETED_DEVICE_FAMILY = "1,2";
			};
			name = Release;
		};
		47A05DDE213598540002E3DC /* Debug */ = {
			isa = XCBuildConfiguration;
			buildSettings = {
				ALWAYS_EMBED_SWIFT_STANDARD_LIBRARIES = YES;
				BUNDLE_LOADER = "$(TEST_HOST)";
				CODE_SIGN_STYLE = Automatic;
				INFOPLIST_FILE = FoodTrackerTests/Info.plist;
				LD_RUNPATH_SEARCH_PATHS = (
					"$(inherited)",
					"@executable_path/Frameworks",
					"@loader_path/Frameworks",
				);
				PRODUCT_BUNDLE_IDENTIFIER = com.example.FoodTrackerTests;
				PRODUCT_NAME = "$(TARGET_NAME)";
				SWIFT_VERSION = 4.0;
				TARGETED_DEVICE_FAMILY = "1,2";
				TEST_HOST = "$(BUILT_PRODUCTS_DIR)/FoodTracker.app/FoodTracker";
			};
			name = Debug;
		};
		47A05DDF213598540002E3DC /* Release */ = {
			isa = XCBuildConfiguration;
			buildSettings = {
				ALWAYS_EMBED_SWIFT_STANDARD_LIBRARIES = YES;
				BUNDLE_LOADER = "$(TEST_HOST)";
				CODE_SIGN_STYLE = Automatic;
				INFOPLIST_FILE = FoodTrackerTests/Info.plist;
				LD_RUNPATH_SEARCH_PATHS = (
					"$(inherited)",
					"@executable_path/Frameworks",
					"@loader_path/Frameworks",
				);
				PRODUCT_BUNDLE_IDENTIFIER = com.example.FoodTrackerTests;
				PRODUCT_NAME = "$(TARGET_NAME)";
				SWIFT_VERSION = 4.0;
				TARGETED_DEVICE_FAMILY = "1,2";
				TEST_HOST = "$(BUILT_PRODUCTS_DIR)/FoodTracker.app/FoodTracker";
			};
			name = Release;
		};
/* End XCBuildConfiguration section */

/* Begin XCConfigurationList section */
		47A05DB8213598510002E3DC /* Build configuration list for PBXProject "FoodTracker" */ = {
			isa = XCConfigurationList;
			buildConfigurations = (
				47A05DD8213598540002E3DC /* Debug */,
				47A05DD9213598540002E3DC /* Release */,
			);
			defaultConfigurationIsVisible = 0;
			defaultConfigurationName = Release;
		};
		47A05DDA213598540002E3DC /* Build configuration list for PBXNativeTarget "FoodTracker" */ = {
			isa = XCConfigurationList;
			buildConfigurations = (
				47A05DDB213598540002E3DC /* Debug */,
				47A05DDC213598540002E3DC /* Release */,
			);
			defaultConfigurationIsVisible = 0;
			defaultConfigurationName = Release;
		};
		47A05DDD213598540002E3DC /* Build configuration list for PBXNativeTarget "FoodTrackerTests" */ = {
			isa = XCConfigurationList;
			buildConfigurations = (
				47A05DDE213598540002E3DC /* Debug */,
				47A05DDF213598540002E3DC /* Release */,
			);
			defaultConfigurationIsVisible = 0;
			defaultConfigurationName = Release;
		};
/* End XCConfigurationList section */
	};
	rootObject = 47A05DB5213598510002E3DC /* Project object */;
}
